{
  "name": "assemblerdpe",
  "version": "1.0.0",
  "lockfileVersion": 3,
  "requires": true,
  "packages": {
    "": {
      "name": "assemblerdpe",
      "version": "1.0.0",
      "license": "MIT",
      "dependencies": {
        "jsonata": "^2.2.2",
        "jsonschema": "^1.5.0"
      }
    },
    "node_modules/jsonata": {
      "version": "2.2.2",
      "resolved": "https://registry.npmjs.org/jsonata/-/jsonata-2.2.2.tgz",
      "integrity": "sha512-XDFH2PuaAXv0AXJEWwElXbqADmKFGKMLMkFb+qOz0EhjQW2EIJ6pgtordLU+4u3IVERyBfqy6bi6kZKEncvRqA==",
      "license": "MIT",
      "engines": {
        "node": ">= 8"
      }
    },
    "node_modules/jsonschema": {
      "version": "1.5.0",
      "resolved": "https://registry.npmjs.org/jsonschema/-/jsonschema-1.5.0.tgz",
      "integrity": "sha512-K+A9hhqbn0f3pJX17Q/7H6yQfD/5OXgdrR5UE12gMXCiN9D5Xq2o5mddV2QEcX/bjla99ASsAAQUyMCCRWAEhw==",
      "license": "MIT",
      "engines": {
        "node": "*"
      }
    }
  }
}
